
Microsoft Visual Studio Solution File, Format Version 12.00
# Visual Studio Version 16
VisualStudioVersion = 16.0.30011.22
MinimumVisualStudioVersion = 10.0.40219.1
Project("{FAE04EC0-301F-11D3-BF4B-00C04F79EFBC}") = "ProxyServer", "ProxyServer.csproj", "{504DF50B-7E1E-4181-83D7-19CF960564B9}"
EndProject
Global
	GlobalSection(SolutionConfigurationPlatforms) = preSolution
		Debug|Any CPU = Debug|Any CPU
		Release|Any CPU = Release|Any CPU
	EndGlobalSection
	GlobalSection(ProjectConfigurationPlatforms) = postSolution
		{504DF50B-7E1E-4181-83D7-19CF960564B9}.Debug|Any CPU.ActiveCfg = Debug|Any CPU
		{504DF50B-7E1E-4181-83D7-19CF960564B9}.Debug|Any CPU.Build.0 = Debug|Any CPU
		{504DF50B-7E1E-4181-83D7-19CF960564B9}.Release|Any CPU.ActiveCfg = Release|Any CPU
		{504DF50B-7E1E-4181-83D7-19CF960564B9}.Release|Any CPU.Build.0 = Release|Any CPU
	EndGlobalSection
	GlobalSection(SolutionProperties) = preSolution
		HideSolutionNode = FALSE
	EndGlobalSection
	GlobalSection(ExtensibilityGlobals) = postSolution
		SolutionGuid = {20643142-E7AF-4BA8-BFE0-0D609675EC63}
	EndGlobalSection
EndGlobal
